
Microsoft Visual Studio Solution File, Format Version 12.00
# Visual Studio Version 16
VisualStudioVersion = 16.0.31729.503
MinimumVisualStudioVersion = 10.0.40219.1
Project("{8BC9CEB8-8B4A-11D0-8D11-00A0C91BC942}") = "class string", "class string.vcxproj", "{57FA9CB5-70F4-4ED1-8BB2-6A6078677DF6}"
EndProject
Global
	GlobalSection(SolutionConfigurationPlatforms) = preSolution
		Debug|x64 = Debug|x64
		Debug|x86 = Debug|x86
		Release|x64 = Release|x64
		Release|x86 = Release|x86
	EndGlobalSection
	GlobalSection(ProjectConfigurationPlatforms) = postSolution
		{57FA9CB5-70F4-4ED1-8BB2-6A6078677DF6}.Debug|x64.ActiveCfg = Debug|x64
		{57FA9CB5-70F4-4ED1-8BB2-6A6078677DF6}.Debug|x64.Build.0 = Debug|x64
		{57FA9CB5-70F4-4ED1-8BB2-6A6078677DF6}.Debug|x86.ActiveCfg = Debug|Win32
		{57FA9CB5-70F4-4ED1-8BB2-6A6078677DF6}.Debug|x86.Build.0 = Debug|Win32
		{57FA9CB5-70F4-4ED1-8BB2-6A6078677DF6}.Release|x64.ActiveCfg = Release|x64
		{57FA9CB5-70F4-4ED1-8BB2-6A6078677DF6}.Release|x64.Build.0 = Release|x64
		{57FA9CB5-70F4-4ED1-8BB2-6A6078677DF6}.Release|x86.ActiveCfg = Release|Win32
		{57FA9CB5-70F4-4ED1-8BB2-6A6078677DF6}.Release|x86.Build.0 = Release|Win32
	EndGlobalSection
	GlobalSection(SolutionProperties) = preSolution
		HideSolutionNode = FALSE
	EndGlobalSection
	GlobalSection(ExtensibilityGlobals) = postSolution
		SolutionGuid = {C7163357-0590-47AC-A755-2087D83041AB}
	EndGlobalSection
EndGlobal
